// !$*UTF8*$!
{
	archiveVersion = 1;
	classes = {
	};
	objectVersion = 46;
	objects = {

/* Begin PBXBuildFile section */
		227E5F621EBDBC0200DC529F /* AppDelegate.swift in Sources */ = {isa = PBXBuildFile; fileRef = 227E5F611EBDBC0200DC529F /* AppDelegate.swift */; };
		227E5F641EBDBC0200DC529F /* ViewController.swift in Sources */ = {isa = PBXBuildFile; fileRef = 227E5F631EBDBC0200DC529F /* ViewController.swift */; };
		227E5F671EBDBC0200DC529F /* Main.storyboard in Resources */ = {isa = PBXBuildFile; fileRef = 227E5F651EBDBC0200DC529F /* Main.storyboard */; };
		227E5F691EBDBC0200DC529F /* Assets.xcassets in Resources */ = {isa = PBXBuildFile; fileRef = 227E5F681EBDBC0200DC529F /* Assets.xcassets */; };
		227E5F6C1EBDBC0200DC529F /* LaunchScreen.storyboard in Resources */ = {isa = PBXBuildFile; fileRef = 227E5F6A1EBDBC0200DC529F /* LaunchScreen.storyboard */; };
		227E5F741EBDBD3B00DC529F /* UUIDManager.swift in Sources */ = {isa = PBXBuildFile; fileRef = 227E5F731EBDBD3B00DC529F /* UUIDManager.swift */; };
		227E5F761EBDBD7800DC529F /* KeychainStore.framework in Frameworks */ = {isa = PBXBuildFile; fileRef = 227E5F751EBDBD7800DC529F /* KeychainStore.framework */; };
		227E5F771EBDBD7800DC529F /* KeychainStore.framework in Embed Frameworks */ = {isa = PBXBuildFile; fileRef = 227E5F751EBDBD7800DC529F /* KeychainStore.framework */; settings = {ATTRIBUTES = (CodeSignOnCopy, RemoveHeadersOnCopy, ); }; };
/* End PBXBuildFile section */

/* Begin PBXCopyFilesBuildPhase section */
		227E5F781EBDBD7800DC529F /* Embed Frameworks */ = {
			isa = PBXCopyFilesBuildPhase;
			buildActionMask = 2147483647;
			dstPath = "";
			dstSubfolderSpec = 10;
			files = (
				227E5F771EBDBD7800DC529F /* KeychainStore.framework in Embed Frameworks */,
			);
			name = "Embed Frameworks";
			runOnlyForDeploymentPostprocessing = 0;
		};
/* End PBXCopyFilesBuildPhase section */

/* Begin PBXFileReference section */
		227E5F5E1EBDBC0200DC529F /* KeychainManager.app */ = {isa = PBXFileReference; explicitFileType = wrapper.application; includeInIndex = 0; path = KeychainManager.app; sourceTree = BUILT_PRODUCTS_DIR; };
		227E5F611EBDBC0200DC529F /* AppDelegate.swift */ = {isa = PBXFileReference; lastKnownFileType = sourcecode.swift; path = AppDelegate.swift; sourceTree = "<group>"; };
		227E5F631EBDBC0200DC529F /* ViewController.swift */ = {isa = PBXFileReference; lastKnownFileType = sourcecode.swift; path = ViewController.swift; sourceTree = "<group>"; };
		227E5F661EBDBC0200DC529F /* Base */ = {isa = PBXFileReference; lastKnownFileType = file.storyboard; name = Base; path = Base.lproj/Main.storyboard; sourceTree = "<group>"; };
		227E5F681EBDBC0200DC529F /* Assets.xcassets */ = {isa = PBXFileReference; lastKnownFileType = folder.assetcatalog; path = Assets.xcassets; sourceTree = "<group>"; };
		227E5F6B1EBDBC0200DC529F /* Base */ = {isa = PBXFileReference; lastKnownFileType = file.storyboard; name = Base; path = Base.lproj/LaunchScreen.storyboard; sourceTree = "<group>"; };
		227E5F6D1EBDBC0200DC529F /* Info.plist */ = {isa = PBXFileReference; lastKnownFileType = text.plist.xml; path = Info.plist; sourceTree = "<group>"; };
		227E5F731EBDBD3B00DC529F /* UUIDManager.swift */ = {isa = PBXFileReference; fileEncoding = 4; lastKnownFileType = sourcecode.swift; path = UUIDManager.swift; sourceTree = "<group>"; };
		227E5F751EBDBD7800DC529F /* KeychainStore.framework */ = {isa = PBXFileReference; explicitFileType = wrapper.framework; path = KeychainStore.framework; sourceTree = BUILT_PRODUCTS_DIR; };
/* End PBXFileReference section */

/* Begin PBXFrameworksBuildPhase section */
		227E5F5B1EBDBC0200DC529F /* Frameworks */ = {
			isa = PBXFrameworksBuildPhase;
			buildActionMask = 2147483647;
			files = (
				227E5F761EBDBD7800DC529F /* KeychainStore.framework in Frameworks */,
			);
			runOnlyForDeploymentPostprocessing = 0;
		};
/* End PBXFrameworksBuildPhase section */

/* Begin PBXGroup section */
		227E5F551EBDBC0200DC529F = {
			isa = PBXGroup;
			children = (
				227E5F751EBDBD7800DC529F /* KeychainStore.framework */,
				227E5F601EBDBC0200DC529F /* KeychainManager */,
				227E5F5F1EBDBC0200DC529F /* Products */,
			);
			sourceTree = "<group>";
		};
		227E5F5F1EBDBC0200DC529F /* Products */ = {
			isa = PBXGroup;
			children = (
				227E5F5E1EBDBC0200DC529F /* KeychainManager.app */,
			);
			name = Products;
			sourceTree = "<group>";
		};
		227E5F601EBDBC0200DC529F /* KeychainManager */ = {
			isa = PBXGroup;
			children = (
				227E5F611EBDBC0200DC529F /* AppDelegate.swift */,
				227E5F631EBDBC0200DC529F /* ViewController.swift */,
				227E5F731EBDBD3B00DC529F /* UUIDManager.swift */,
				227E5F651EBDBC0200DC529F /* Main.storyboard */,
				227E5F681EBDBC0200DC529F /* Assets.xcassets */,
				227E5F6A1EBDBC0200DC529F /* LaunchScreen.storyboard */,
				227E5F6D1EBDBC0200DC529F /* Info.plist */,
			);
			path = KeychainManager;
			sourceTree = "<group>";
		};
/* End PBXGroup section */

/* Begin PBXNativeTarget section */
		227E5F5D1EBDBC0200DC529F /* KeychainManager */ = {
			isa = PBXNativeTarget;
			buildConfigurationList = 227E5F701EBDBC0200DC529F /* Build configuration list for PBXNativeTarget "KeychainManager" */;
			buildPhases = (
				227E5F5A1EBDBC0200DC529F /* Sources */,
				227E5F5B1EBDBC0200DC529F /* Frameworks */,
				227E5F5C1EBDBC0200DC529F /* Resources */,
				227E5F781EBDBD7800DC529F /* Embed Frameworks */,
			);
			buildRules = (
			);
			dependencies = (
			);
			name = KeychainManager;
			productName = KeychainManager;
			productReference = 227E5F5E1EBDBC0200DC529F /* KeychainManager.app */;
			productType = "com.apple.product-type.application";
		};
/* End PBXNativeTarget section */

/* Begin PBXProject section */
		227E5F561EBDBC0200DC529F /* Project object */ = {
			isa = PBXProject;
			attributes = {
				LastSwiftUpdateCheck = 0830;
				LastUpgradeCheck = 0830;
				ORGANIZATIONNAME = "李广斌";
				TargetAttributes = {
					227E5F5D1EBDBC0200DC529F = {
						CreatedOnToolsVersion = 8.3.2;
						DevelopmentTeam = 4A75LEU8F4;
						ProvisioningStyle = Automatic;
					};
				};
			};
			buildConfigurationList = 227E5F591EBDBC0200DC529F /* Build configuration list for PBXProject "KeychainManager" */;
			compatibilityVersion = "Xcode 3.2";
			developmentRegion = English;
			hasScannedForEncodings = 0;
			knownRegions = (
				en,
				Base,
			);
			mainGroup = 227E5F551EBDBC0200DC529F;
			productRefGroup = 227E5F5F1EBDBC0200DC529F /* Products */;
			projectDirPath = "";
			projectRoot = "";
			targets = (
				227E5F5D1EBDBC0200DC529F /* KeychainManager */,
			);
		};
/* End PBXProject section */

/* Begin PBXResourcesBuildPhase section */
		227E5F5C1EBDBC0200DC529F /* Resources */ = {
			isa = PBXResourcesBuildPhase;
			buildActionMask = 2147483647;
			files = (
				227E5F6C1EBDBC0200DC529F /* LaunchScreen.storyboard in Resources */,
				227E5F691EBDBC0200DC529F /* Assets.xcassets in Resources */,
				227E5F671EBDBC0200DC529F /* Main.storyboard in Resources */,
			);
			runOnlyForDeploymentPostprocessing = 0;
		};
/* End PBXResourcesBuildPhase section */

/* Begin PBXSourcesBuildPhase section */
		227E5F5A1EBDBC0200DC529F /* Sources */ = {
			isa = PBXSourcesBuildPhase;
			buildActionMask = 2147483647;
			files = (
				227E5F741EBDBD3B00DC529F /* UUIDManager.swift in Sources */,
				227E5F641EBDBC0200DC529F /* ViewController.swift in Sources */,
				227E5F621EBDBC0200DC529F /* AppDelegate.swift in Sources */,
			);
			runOnlyForDeploymentPostprocessing = 0;
		};
/* End PBXSourcesBuildPhase section */

/* Begin PBXVariantGroup section */
		227E5F651EBDBC0200DC529F /* Main.storyboard */ = {
			isa = PBXVariantGroup;
			children = (
				227E5F661EBDBC0200DC529F /* Base */,
			);
			name = Main.storyboard;
			sourceTree = "<group>";
		};
		227E5F6A1EBDBC0200DC529F /* LaunchScreen.storyboard */ = {
			isa = PBXVariantGroup;
			children = (
				227E5F6B1EBDBC0200DC529F /* Base */,
			);
			name = LaunchScreen.storyboard;
			sourceTree = "<group>";
		};
/* End PBXVariantGroup section */

/* Begin XCBuildConfiguration section */
		227E5F6E1EBDBC0200DC529F /* Debug */ = {
			isa = XCBuildConfiguration;
			buildSettings = {
				ALWAYS_SEARCH_USER_PATHS = NO;
				CLANG_ANALYZER_NONNULL = YES;
				CLANG_ANALYZER_NUMBER_OBJECT_CONVERSION = YES_AGGRESSIVE;
				CLANG_CXX_LANGUAGE_STANDARD = "gnu++0x";
				CLANG_CXX_LIBRARY = "libc++";
				CLANG_ENABLE_MODULES = YES;
				CLANG_ENABLE_OBJC_ARC = YES;
				CLANG_WARN_BOOL_CONVERSION = YES;
				CLANG_WARN_CONSTANT_CONVERSION = YES;
				CLANG_WARN_DIRECT_OBJC_ISA_USAGE = YES_ERROR;
				CLANG_WARN_DOCUMENTATION_COMMENTS = YES;
				CLANG_WARN_EMPTY_BODY = YES;
				CLANG_WARN_ENUM_CONVERSION = YES;
				CLANG_WARN_INFINITE_RECURSION = YES;
				CLANG_WARN_INT_CONVERSION = YES;
				CLANG_WARN_OBJC_ROOT_CLASS = YES_ERROR;
				CLANG_WARN_SUSPICIOUS_MOVE = YES;
				CLANG_WARN_UNREACHABLE_CODE = YES;
				CLANG_WARN__DUPLICATE_METHOD_MATCH = YES;
				"CODE_SIGN_IDENTITY[sdk=iphoneos*]" = "iPhone Developer";
				COPY_PHASE_STRIP = NO;
				DEBUG_INFORMATION_FORMAT = dwarf;
				ENABLE_STRICT_OBJC_MSGSEND = YES;
				ENABLE_TESTABILITY = YES;
				GCC_C_LANGUAGE_STANDARD = gnu99;
				GCC_DYNAMIC_NO_PIC = NO;
				GCC_NO_COMMON_BLOCKS = YES;
				GCC_OPTIMIZATION_LEVEL = 0;
				GCC_PREPROCESSOR_DEFINITIONS = (
					"DEBUG=1",
					"$(inherited)",
				);
				GCC_WARN_64_TO_32_BIT_CONVERSION = YES;
				GCC_WARN_ABOUT_RETURN_TYPE = YES_ERROR;
				GCC_WARN_UNDECLARED_SELECTOR = YES;
				GCC_WARN_UNINITIALIZED_AUTOS = YES_AGGRESSIVE;
				GCC_WARN_UNUSED_FUNCTION = YES;
				GCC_WARN_UNUSED_VARIABLE = YES;
				IPHONEOS_DEPLOYMENT_TARGET = 10.3;
				MTL_ENABLE_DEBUG_INFO = YES;
				ONLY_ACTIVE_ARCH = YES;
				SDKROOT = iphoneos;
				SWIFT_ACTIVE_COMPILATION_CONDITIONS = DEBUG;
				SWIFT_OPTIMIZATION_LEVEL = "-Onone";
				TARGETED_DEVICE_FAMILY = "1,2";
			};
			name = Debug;
		};
		227E5F6F1EBDBC0200DC529F /* Release */ = {
			isa = XCBuildConfiguration;
			buildSettings = {
				ALWAYS_SEARCH_USER_PATHS = NO;
				CLANG_ANALYZER_NONNULL = YES;
				CLANG_ANALYZER_NUMBER_OBJECT_CONVERSION = YES_AGGRESSIVE;
				CLANG_CXX_LANGUAGE_STANDARD = "gnu++0x";
				CLANG_CXX_LIBRARY = "libc++";
				CLANG_ENABLE_MODULES = YES;
				CLANG_ENABLE_OBJC_ARC = YES;
				CLANG_WARN_BOOL_CONVERSION = YES;
				CLANG_WARN_CONSTANT_CONVERSION = YES;
				CLANG_WARN_DIRECT_OBJC_ISA_USAGE = YES_ERROR;
				CLANG_WARN_DOCUMENTATION_COMMENTS = YES;
				CLANG_WARN_EMPTY_BODY = YES;
				CLANG_WARN_ENUM_CONVERSION = YES;
				CLANG_WARN_INFINITE_RECURSION = YES;
				CLANG_WARN_INT_CONVERSION = YES;
				CLANG_WARN_OBJC_ROOT_CLASS = YES_ERROR;
				CLANG_WARN_SUSPICIOUS_MOVE = YES;
				CLANG_WARN_UNREACHABLE_CODE = YES;
				CLANG_WARN__DUPLICATE_METHOD_MATCH = YES;
				"CODE_SIGN_IDENTITY[sdk=iphoneos*]" = "iPhone Developer";
				COPY_PHASE_STRIP = NO;
				DEBUG_INFORMATION_FORMAT = "dwarf-with-dsym";
				ENABLE_NS_ASSERTIONS = NO;
				ENABLE_STRICT_OBJC_MSGSEND = YES;
				GCC_C_LANGUAGE_STANDARD = gnu99;
				GCC_NO_COMMON_BLOCKS = YES;
				GCC_WARN_64_TO_32_BIT_CONVERSION = YES;
				GCC_WARN_ABOUT_RETURN_TYPE = YES_ERROR;
				GCC_WARN_UNDECLARED_SELECTOR = YES;
				GCC_WARN_UNINITIALIZED_AUTOS = YES_AGGRESSIVE;
				GCC_WARN_UNUSED_FUNCTION = YES;
				GCC_WARN_UNUSED_VARIABLE = YES;
				IPHONEOS_DEPLOYMENT_TARGET = 10.3;
				MTL_ENABLE_DEBUG_INFO = NO;
				SDKROOT = iphoneos;
				SWIFT_OPTIMIZATION_LEVEL = "-Owholemodule";
				TARGETED_DEVICE_FAMILY = "1,2";
				VALIDATE_PRODUCT = YES;
			};
			name = Release;
		};
		227E5F711EBDBC0200DC529F /* Debug */ = {
			isa = XCBuildConfiguration;
			buildSettings = {
				ASSETCATALOG_COMPILER_APPICON_NAME = AppIcon;
				DEVELOPMENT_TEAM = 4A75LEU8F4;
				INFOPLIST_FILE = KeychainManager/Info.plist;
				IPHONEOS_DEPLOYMENT_TARGET = 8.0;
				LD_RUNPATH_SEARCH_PATHS = "$(inherited) @executable_path/Frameworks";
				PRODUCT_BUNDLE_IDENTIFIER = abu.KeychainManager;
				PRODUCT_NAME = "$(TARGET_NAME)";
				SWIFT_VERSION = 3.0;
			};
			name = Debug;
		};
		227E5F721EBDBC0200DC529F /* Release */ = {
			isa = XCBuildConfiguration;
			buildSettings = {
				ASSETCATALOG_COMPILER_APPICON_NAME = AppIcon;
				DEVELOPMENT_TEAM = 4A75LEU8F4;
				INFOPLIST_FILE = KeychainManager/Info.plist;
				IPHONEOS_DEPLOYMENT_TARGET = 8.0;
				LD_RUNPATH_SEARCH_PATHS = "$(inherited) @executable_path/Frameworks";
				PRODUCT_BUNDLE_IDENTIFIER = abu.KeychainManager;
				PRODUCT_NAME = "$(TARGET_NAME)";
				SWIFT_VERSION = 3.0;
			};
			name = Release;
		};
/* End XCBuildConfiguration section */

/* Begin XCConfigurationList section */
		227E5F591EBDBC0200DC529F /* Build configuration list for PBXProject "KeychainManager" */ = {
			isa = XCConfigurationList;
			buildConfigurations = (
				227E5F6E1EBDBC0200DC529F /* Debug */,
				227E5F6F1EBDBC0200DC529F /* Release */,
			);
			defaultConfigurationIsVisible = 0;
			defaultConfigurationName = Release;
		};
		227E5F701EBDBC0200DC529F /* Build configuration list for PBXNativeTarget "KeychainManager" */ = {
			isa = XCConfigurationList;
			buildConfigurations = (
				227E5F711EBDBC0200DC529F /* Debug */,
				227E5F721EBDBC0200DC529F /* Release */,
			);
			defaultConfigurationIsVisible = 0;
		};
/* End XCConfigurationList section */
	};
	rootObject = 227E5F561EBDBC0200DC529F /* Project object */;
}
